{
  "name": "razvoj_veb_aplikacija",
  "version": "1.0.0",
  "lockfileVersion": 3,
  "requires": true,
  "packages": {
    "": {
      "name": "razvoj_veb_aplikacija",
      "version": "1.0.0",
      "license": "ISC",
      "dependencies": {
        "@prisma/client": "6.16.3",
        "axios": "^1.12.1",
        "bcryptjs": "^2.4.3",
        "cors": "^2.8.5",
        "csv-parse": "^5.6.0",
        "dotenv": "^16.4.5",
        "express": "^4.18.3",
        "express-fileupload": "^1.4.0",
        "express-rate-limit": "^8.1.0",
        "form-data": "^4.0.4",
        "morgan": "^1.10.1",
        "mysql": "^2.18.1",
        "mysql2": "^3.11.4",
        "nanoid": "^5.0.6",
        "node-fetch": "^3.3.2",
        "nodemailer": "^9.0.5",
        "prisma": "6.16.3",
        "winston": "^3.8.2"
      }
    },
    "../../node_modules/.pnpm/@prisma+client@6.16.3_prism_be57e26363a729e491225dc990c89636/node_modules/@prisma/client": {
      "version": "6.16.3",
      "hasInstallScript": true,
      "license": "Apache-2.0",
      "devDependencies": {
        "@cloudflare/workers-types": "^4.20250408.0",
        "@codspeed/benchmark.js-plugin": "4.0.0",
        "@faker-js/faker": "9.6.0",
        "@fast-check/jest": "2.0.3",
        "@hono/node-server": "1.19.0",
        "@inquirer/prompts": "7.3.3",
        "@jest/create-cache-key-function": "29.7.0",
        "@jest/globals": "29.7.0",
        "@jest/test-sequencer": "29.7.0",
        "@libsql/client": "0.8.1",
        "@neondatabase/serverless": "0.10.2",
        "@opentelemetry/api": "1.9.0",
        "@opentelemetry/context-async-hooks": "2.0.0",
        "@opentelemetry/instrumentation": "0.57.2",
        "@opentelemetry/resources": "1.30.1",
        "@opentelemetry/sdk-trace-base": "1.30.1",
        "@opentelemetry/semantic-conventions": "1.30.0",
        "@planetscale/database": "1.19.0",
        "@prisma/adapter-better-sqlite3": "6.16.3",
        "@prisma/adapter-d1": "6.16.3",
        "@prisma/adapter-libsql": "6.16.3",
        "@prisma/adapter-mariadb": "6.16.3",
        "@prisma/adapter-mssql": "6.16.3",
        "@prisma/adapter-neon": "6.16.3",
        "@prisma/adapter-pg": "6.16.3",
        "@prisma/adapter-planetscale": "6.16.3",
        "@prisma/client-common": "6.16.3",
        "@prisma/client-engine-runtime": "6.16.3",
        "@prisma/client-generator-js": "6.16.3",
        "@prisma/client-generator-ts": "6.16.3",
        "@prisma/config": "6.16.3",
        "@prisma/debug": "6.16.3",
        "@prisma/dmmf": "6.16.3",
        "@prisma/driver-adapter-utils": "6.16.3",
        "@prisma/engines": "6.16.3",
        "@prisma/engines-version": "6.16.1-1.bb420e667c1820a8c05a38023385f6cc7ef8e83a",
        "@prisma/fetch-engine": "6.16.3",
        "@prisma/generator": "6.16.3",
        "@prisma/generator-helper": "6.16.3",
        "@prisma/get-platform": "6.16.3",
        "@prisma/instrumentation": "6.16.3",
        "@prisma/internals": "6.16.3",
        "@prisma/migrate": "6.16.3",
        "@prisma/mini-proxy": "0.9.5",
        "@prisma/query-compiler-wasm": "6.16.1-1.bb420e667c1820a8c05a38023385f6cc7ef8e83a",
        "@prisma/query-engine-wasm": "6.16.1-1.bb420e667c1820a8c05a38023385f6cc7ef8e83a",
        "@prisma/query-plan-executor": "6.16.3",
        "@prisma/ts-builders": "6.16.3",
        "@snaplet/copycat": "6.0.0",
        "@swc-node/register": "1.10.9",
        "@swc/core": "1.11.5",
        "@swc/jest": "0.2.37",
        "@timsuchanek/copy": "1.4.5",
        "@types/debug": "4.1.12",
        "@types/fs-extra": "11.0.4",
        "@types/jest": "29.5.14",
        "@types/js-levenshtein": "1.1.3",
        "@types/mssql": "9.1.5",
        "@types/node": "18.19.76",
        "@types/pg": "8.11.11",
        "arg": "5.0.2",
        "benchmark": "2.1.4",
        "cookie-es": "2.0.0",
        "decimal.js": "10.5.0",
        "execa": "5.1.1",
        "expect-type": "1.2.2",
        "fs-extra": "11.3.0",
        "get-stream": "6.0.1",
        "globby": "11.1.0",
        "indent-string": "4.0.0",
        "jest": "29.7.0",
        "jest-extended": "4.0.2",
        "jest-junit": "16.0.0",
        "jest-serializer-ansi-escapes": "4.0.0",
        "jest-snapshot": "29.7.0",
        "js-levenshtein": "1.1.6",
        "kleur": "4.1.5",
        "klona": "2.0.6",
        "mariadb": "3.4.5",
        "memfs": "4.17.2",
        "mssql": "11.0.1",
        "new-github-issue-url": "0.2.1",
        "p-retry": "4.6.2",
        "pg": "8.14.1",
        "resolve": "1.22.10",
        "rimraf": "6.0.1",
        "simple-statistics": "7.8.8",
        "sort-keys": "5.1.0",
        "source-map-support": "0.5.21",
        "sql-template-tag": "5.2.1",
        "stacktrace-parser": "0.1.11",
        "strip-ansi": "7.1.0",
        "strip-indent": "4.0.0",
        "tempy": "3.0.0",
        "ts-pattern": "5.6.2",
        "tsd": "0.31.2",
        "typescript": "5.4.5",
        "undici": "7.4.0",
        "zx": "8.4.1"
      },
      "engines": {
        "node": ">=18.18"
      },
      "peerDependencies": {
        "prisma": "*",
        "typescript": ">=5.1.0"
      },
      "peerDependenciesMeta": {
        "prisma": {
          "optional": true
        },
        "typescript": {
          "optional": true
        }
      }
    },
    "../../node_modules/.pnpm/axios@1.19.0/node_modules/axios": {
      "version": "1.19.0",
      "license": "MIT",
      "dependencies": {
        "follow-redirects": "^1.16.0",
        "form-data": "^4.0.6",
        "https-proxy-agent": "^5.0.1",
        "proxy-from-env": "^2.1.0"
      },
      "devDependencies": {
        "@babel/core": "^7.29.0",
        "@babel/preset-env": "^7.29.5",
        "@commitlint/cli": "^21.2.0",
        "@commitlint/config-conventional": "^21.2.0",
        "@eslint/js": "^10.0.1",
        "@rollup/plugin-alias": "^6.0.0",
        "@rollup/plugin-babel": "^7.1.0",
        "@rollup/plugin-commonjs": "^29.0.3",
        "@rollup/plugin-json": "^6.1.0",
        "@rollup/plugin-node-resolve": "^16.0.3",
        "@rollup/plugin-terser": "^1.0.0",
        "@vitest/browser": "^4.1.9",
        "@vitest/browser-playwright": "^4.1.9",
        "abortcontroller-polyfill": "^1.7.8",
        "acorn": "^8.17.0",
        "body-parser": "^2.3.0",
        "chalk": "^5.6.2",
        "cross-env": "^10.1.0",
        "dev-null": "^0.1.1",
        "eslint": "^10.6.0",
        "express": "^5.2.1",
        "formdata-node": "^6.0.3",
        "formidable": "^3.5.4",
        "fs-extra": "^11.3.6",
        "get-stream": "^9.0.1",
        "globals": "^17.7.0",
        "gulp": "^5.0.1",
        "husky": "^9.1.7",
        "lint-staged": "^17.0.8",
        "minimist": "^1.2.8",
        "multer": "^2.2.0",
        "playwright": "^1.61.1",
        "prettier": "^3.9.4",
        "rollup": "^4.60.4",
        "rollup-plugin-bundle-size": "^1.0.3",
        "selfsigned": "^5.5.0",
        "stream-throttle": "^0.1.3",
        "typescript": "^5.9.3",
        "vitest": "^4.1.9"
      }
    },
    "../../node_modules/.pnpm/bcryptjs@2.4.3/node_modules/bcryptjs": {
      "version": "2.4.3",
      "license": "MIT",
      "devDependencies": {
        "bcrypt": "latest",
        "closurecompiler": "~1",
        "metascript": "~0.18",
        "testjs": "~1",
        "utfx": "~1"
      }
    },
    "../../node_modules/.pnpm/cors@2.8.6/node_modules/cors": {
      "version": "2.8.6",
      "license": "MIT",
      "dependencies": {
        "object-assign": "^4",
        "vary": "^1"
      },
      "devDependencies": {
        "after": "0.8.2",
        "eslint": "7.30.0",
        "express": "4.21.2",
        "mocha": "9.2.2",
        "nyc": "15.1.0",
        "supertest": "6.1.3"
      },
      "engines": {
        "node": ">= 0.10"
      },
      "funding": {
        "type": "opencollective",
        "url": "https://opencollective.com/express"
      }
    },
    "../../node_modules/.pnpm/csv-parse@5.6.0/node_modules/csv-parse": {
      "version": "5.6.0",
      "license": "MIT",
      "devDependencies": {
        "@eslint/js": "^9.15.0",
        "@rollup/plugin-node-resolve": "^15.3.0",
        "@types/mocha": "^10.0.9",
        "@types/node": "^22.9.1",
        "coffeescript": "^2.7.0",
        "csv-generate": "^4.4.2",
        "csv-spectrum": "^2.0.0",
        "each": "^2.7.2",
        "eslint": "^9.15.0",
        "eslint-config-prettier": "^9.1.0",
        "eslint-plugin-mocha": "^10.5.0",
        "eslint-plugin-prettier": "^5.2.1",
        "mocha": "^10.8.2",
        "pad": "^3.3.0",
        "prettier": "^3.3.3",
        "rollup": "^4.27.3",
        "rollup-plugin-node-builtins": "^2.1.2",
        "rollup-plugin-node-globals": "^1.4.0",
        "should": "^13.2.3",
        "stream-transform": "^3.3.3",
        "ts-node": "^10.9.2",
        "typescript": "^5.6.3"
      }
    },
    "../../node_modules/.pnpm/express-fileupload@1.5.2/node_modules/express-fileupload": {
      "version": "1.5.2",
      "license": "MIT",
      "dependencies": {
        "busboy": "^1.6.0"
      },
      "devDependencies": {
        "coveralls": "^3.1.1",
        "eslint": "^8.57.0",
        "express": "^4.21.2",
        "md5": "^2.3.0",
        "mocha": "^10.8.2",
        "nyc": "^15.1.0",
        "rimraf": "^3.0.2",
        "rnd-file": "^0.0.1",
        "supertest": "^6.3.4"
      },
      "engines": {
        "node": ">=12.0.0"
      }
    },
    "../../node_modules/.pnpm/express@4.22.2/node_modules/express": {
      "version": "4.22.2",
      "license": "MIT",
      "peer": true,
      "dependencies": {
        "accepts": "~1.3.8",
        "array-flatten": "1.1.1",
        "body-parser": "~1.20.5",
        "content-disposition": "~0.5.4",
        "content-type": "~1.0.4",
        "cookie": "~0.7.1",
        "cookie-signature": "~1.0.6",
        "debug": "2.6.9",
        "depd": "2.0.0",
        "encodeurl": "~2.0.0",
        "escape-html": "~1.0.3",
        "etag": "~1.8.1",
        "finalhandler": "~1.3.1",
        "fresh": "~0.5.2",
        "http-errors": "~2.0.0",
        "merge-descriptors": "1.0.3",
        "methods": "~1.1.2",
        "on-finished": "~2.4.1",
        "parseurl": "~1.3.3",
        "path-to-regexp": "~0.1.12",
        "proxy-addr": "~2.0.7",
        "qs": "~6.15.1",
        "range-parser": "~1.2.1",
        "safe-buffer": "5.2.1",
        "send": "~0.19.0",
        "serve-static": "~1.16.2",
        "setprototypeof": "1.2.0",
        "statuses": "~2.0.1",
        "type-is": "~1.6.18",
        "utils-merge": "1.0.1",
        "vary": "~1.1.2"
      },
      "devDependencies": {
        "after": "0.8.2",
        "connect-redis": "3.4.2",
        "cookie-parser": "1.4.6",
        "cookie-session": "2.0.0",
        "ejs": "3.1.9",
        "eslint": "8.47.0",
        "express-session": "1.17.2",
        "hbs": "4.2.0",
        "marked": "0.7.0",
        "method-override": "3.0.0",
        "mocha": "^6.2.2",
        "morgan": "1.10.0",
        "nyc": "^14.1.1",
        "pbkdf2-password": "1.2.1",
        "supertest": "^6.1.6",
        "vhost": "~3.0.2"
      },
      "engines": {
        "node": ">= 0.10.0"
      },
      "funding": {
        "type": "opencollective",
        "url": "https://opencollective.com/express"
      }
    },
    "../../node_modules/.pnpm/form-data@4.0.6/node_modules/form-data": {
      "version": "4.0.6",
      "license": "MIT",
      "dependencies": {
        "asynckit": "^0.4.0",
        "combined-stream": "^1.0.8",
        "es-set-tostringtag": "^2.1.0",
        "hasown": "^2.0.4",
        "mime-types": "^2.1.35"
      },
      "devDependencies": {
        "@ljharb/eslint-config": "^22.2.3",
        "auto-changelog": "^2.6.0",
        "browserify": "^13.3.0",
        "browserify-istanbul": "^2.0.0",
        "coveralls": "^3.1.1",
        "cross-spawn": "^6.0.6",
        "eslint": "^8.57.1",
        "fake": "^0.2.2",
        "far": "^0.0.7",
        "formidable": "^1.2.6",
        "in-publish": "^2.0.1",
        "is-node-modern": "^1.0.0",
        "istanbul": "^0.4.5",
        "js-randomness-predictor": "^3.6.0",
        "obake": "^0.1.2",
        "pkgfiles": "^2.3.2",
        "pre-commit": "^1.2.2",
        "puppeteer": "^1.20.0",
        "request": "~2.87.0",
        "rimraf": "^2.7.1",
        "semver": "^6.3.1",
        "tape": "^5.10.1"
      },
      "engines": {
        "node": ">= 6"
      }
    },
    "../../node_modules/.pnpm/morgan@1.11.0/node_modules/morgan": {
      "version": "1.11.0",
      "license": "MIT",
      "dependencies": {
        "basic-auth": "~2.0.1",
        "debug": "2.6.9",
        "depd": "~2.0.0",
        "on-finished": "~2.4.1",
        "on-headers": "~1.1.0"
      },
      "devDependencies": {
        "eslint": "6.8.0",
        "eslint-config-standard": "14.1.1",
        "eslint-plugin-import": "2.20.2",
        "eslint-plugin-markdown": "1.0.2",
        "eslint-plugin-node": "11.1.0",
        "eslint-plugin-promise": "4.2.1",
        "eslint-plugin-standard": "4.0.1",
        "mocha": "10.4.0",
        "nyc": "15.1.0",
        "split": "1.0.1",
        "supertest": "4.0.2"
      },
      "engines": {
        "node": ">= 0.8.0"
      },
      "funding": {
        "type": "opencollective",
        "url": "https://opencollective.com/express"
      }
    },
    "../../node_modules/.pnpm/mysql@2.18.1/node_modules/mysql": {
      "version": "2.18.1",
      "license": "MIT",
      "dependencies": {
        "bignumber.js": "9.0.0",
        "readable-stream": "2.3.7",
        "safe-buffer": "5.1.2",
        "sqlstring": "2.3.1"
      },
      "devDependencies": {
        "after": "0.8.2",
        "eslint": "5.16.0",
        "seedrandom": "3.0.5",
        "timezone-mock": "0.0.7",
        "urun": "0.0.8",
        "utest": "0.0.8"
      },
      "engines": {
        "node": ">= 0.6"
      }
    },
    "../../node_modules/.pnpm/nanoid@5.1.16/node_modules/nanoid": {
      "version": "5.1.16",
      "funding": [
        {
          "type": "github",
          "url": "https://github.com/sponsors/ai"
        }
      ],
      "license": "MIT",
      "bin": {
        "nanoid": "bin/nanoid.js"
      },
      "engines": {
        "node": "^18 || >=20"
      }
    },
    "../../node_modules/.pnpm/node-fetch@3.3.2/node_modules/node-fetch": {
      "version": "3.3.2",
      "license": "MIT",
      "dependencies": {
        "data-uri-to-buffer": "^4.0.0",
        "fetch-blob": "^3.1.4",
        "formdata-polyfill": "^4.0.10"
      },
      "devDependencies": {
        "abort-controller": "^3.0.0",
        "abortcontroller-polyfill": "^1.7.1",
        "busboy": "^1.4.0",
        "c8": "^7.7.2",
        "chai": "^4.3.4",
        "chai-as-promised": "^7.1.1",
        "chai-iterator": "^3.0.2",
        "chai-string": "^1.5.0",
        "coveralls": "^3.1.0",
        "form-data": "^4.0.0",
        "formdata-node": "^4.2.4",
        "mocha": "^9.1.3",
        "p-timeout": "^5.0.0",
        "stream-consumers": "^1.0.1",
        "tsd": "^0.14.0",
        "xo": "^0.39.1"
      },
      "engines": {
        "node": "^12.20.0 || ^14.13.1 || >=16.0.0"
      },
      "funding": {
        "type": "opencollective",
        "url": "https://opencollective.com/node-fetch"
      }
    },
    "../../node_modules/.pnpm/nodemailer@9.0.5/node_modules/nodemailer": {
      "version": "9.0.5",
      "license": "MIT-0",
      "devDependencies": {
        "@aws-sdk/client-sesv2": "3.1104.0",
        "bunyan": "1.8.15",
        "c8": "12.0.0",
        "eslint": "10.8.0",
        "eslint-config-prettier": "10.1.8",
        "globals": "17.9.0",
        "libbase64": "1.3.0",
        "libmime": "5.4.1",
        "libqp": "2.1.1",
        "prettier": "3.9.6",
        "proxy": "1.0.2",
        "proxy-test-server": "1.0.0",
        "smtp-server": "3.19.2"
      },
      "engines": {
        "node": ">=6.0.0"
      }
    },
    "../../node_modules/.pnpm/prisma@6.16.3_typescript@5.9.3/node_modules/prisma": {
      "version": "6.16.3",
      "hasInstallScript": true,
      "license": "Apache-2.0",
      "dependencies": {
        "@prisma/config": "6.16.3",
        "@prisma/engines": "6.16.3"
      },
      "bin": {
        "prisma": "build/index.js"
      },
      "devDependencies": {
        "@inquirer/prompts": "7.3.3",
        "@libsql/client": "0.8.1",
        "@modelcontextprotocol/sdk": "1.13.2",
        "@prisma/adapter-libsql": "6.16.3",
        "@prisma/client": "6.16.3",
        "@prisma/client-generator-registry": "6.16.3",
        "@prisma/debug": "6.16.3",
        "@prisma/dmmf": "6.16.3",
        "@prisma/fetch-engine": "6.16.3",
        "@prisma/generator": "6.16.3",
        "@prisma/get-platform": "6.16.3",
        "@prisma/internals": "6.16.3",
        "@prisma/migrate": "6.16.3",
        "@prisma/mini-proxy": "0.9.5",
        "@prisma/studio": "0.511.0",
        "@prisma/studio-server": "0.511.0",
        "@swc/core": "1.11.5",
        "@swc/jest": "0.2.37",
        "@types/debug": "4.1.12",
        "@types/fs-extra": "11.0.4",
        "@types/jest": "29.5.14",
        "@types/node": "18.19.76",
        "async-listen": "3.1.0",
        "checkpoint-client": "1.1.33",
        "chokidar": "4.0.3",
        "debug": "4.4.0",
        "dotenv": "16.5.0",
        "effect": "3.16.12",
        "env-paths": "2.2.1",
        "execa": "5.1.1",
        "fast-glob": "3.3.3",
        "fs-extra": "11.3.0",
        "fs-jetpack": "5.1.0",
        "get-port": "5.1.1",
        "get-tsconfig": "4.10.0",
        "jest": "29.7.0",
        "jest-junit": "16.0.0",
        "kleur": "4.1.5",
        "line-replace": "2.0.1",
        "log-update": "6.1.0",
        "node-fetch": "3.3.2",
        "npm-packlist": "5.1.3",
        "open": "7.4.2",
        "ora": "8.2.0",
        "package-up": "5.0.0",
        "resolve-pkg": "2.0.0",
        "rimraf": "6.0.1",
        "ts-pattern": "5.6.2",
        "typescript": "5.4.5",
        "vitest": "3.2.4",
        "xdg-app-paths": "8.3.0",
        "zod": "3.24.2",
        "zx": "8.4.1"
      },
      "engines": {
        "node": ">=18.18"
      },
      "peerDependencies": {
        "typescript": ">=5.1.0"
      },
      "peerDependenciesMeta": {
        "typescript": {
          "optional": true
        }
      }
    },
    "../../node_modules/.pnpm/winston@3.19.0/node_modules/winston": {
      "version": "3.19.0",
      "license": "MIT",
      "dependencies": {
        "@colors/colors": "^1.6.0",
        "@dabh/diagnostics": "^2.0.8",
        "async": "^3.2.3",
        "is-stream": "^2.0.0",
        "logform": "^2.7.0",
        "one-time": "^1.0.0",
        "readable-stream": "^3.4.0",
        "safe-stable-stringify": "^2.3.1",
        "stack-trace": "0.0.x",
        "triple-beam": "^1.3.0",
        "winston-transport": "^4.9.0"
      },
      "devDependencies": {
        "@babel/cli": "^7.23.9",
        "@babel/core": "^7.24.0",
        "@babel/preset-env": "^7.24.0",
        "@dabh/eslint-config-populist": "^4.4.0",
        "@types/node": "^20.11.24",
        "abstract-winston-transport": "^0.5.1",
        "assume": "^2.2.0",
        "cross-spawn-async": "^2.2.5",
        "eslint": "^8.57.0",
        "hock": "^1.4.1",
        "jest": "^29.7.0",
        "rimraf": "5.0.10",
        "split2": "^4.1.0",
        "std-mocks": "^2.0.0",
        "through2": "^4.0.2",
        "winston-compat": "^0.1.5"
      },
      "engines": {
        "node": ">= 12.0.0"
      }
    },
    "node_modules/@prisma/client": {
      "resolved": "../../node_modules/.pnpm/@prisma+client@6.16.3_prism_be57e26363a729e491225dc990c89636/node_modules/@prisma/client",
      "link": true
    },
    "node_modules/@types/node": {
      "version": "26.2.0",
      "resolved": "https://registry.npmjs.org/@types/node/-/node-26.2.0.tgz",
      "integrity": "sha512-5IviulTZeRNp2vAJ514cc/HUlY5nZ9fCbq9DMyC52BrhFZACo3nI0R7qBxhQmo/d27NFe96ur/b7Wwxklda+kg==",
      "license": "MIT",
      "peer": true,
      "dependencies": {
        "undici-types": "~8.3.0"
      }
    },
    "node_modules/aws-ssl-profiles": {
      "version": "1.1.2",
      "resolved": "https://registry.npmjs.org/aws-ssl-profiles/-/aws-ssl-profiles-1.1.2.tgz",
      "integrity": "sha512-NZKeq9AfyQvEeNlN0zSYAaWrmBffJh3IELMZfRpJVWgrpEbtEpnjvzqBPf+mxoI287JohRDoa+/nsfqqiZmF6g==",
      "license": "MIT",
      "engines": {
        "node": ">= 6.0.0"
      }
    },
    "node_modules/axios": {
      "resolved": "../../node_modules/.pnpm/axios@1.19.0/node_modules/axios",
      "link": true
    },
    "node_modules/bcryptjs": {
      "resolved": "../../node_modules/.pnpm/bcryptjs@2.4.3/node_modules/bcryptjs",
      "link": true
    },
    "node_modules/cors": {
      "resolved": "../../node_modules/.pnpm/cors@2.8.6/node_modules/cors",
      "link": true
    },
    "node_modules/csv-parse": {
      "resolved": "../../node_modules/.pnpm/csv-parse@5.6.0/node_modules/csv-parse",
      "link": true
    },
    "node_modules/debug": {
      "version": "4.4.3",
      "resolved": "https://registry.npmjs.org/debug/-/debug-4.4.3.tgz",
      "integrity": "sha512-RGwwWnwQvkVfavKVt22FGLw+xYSdzARwm0ru6DhTVA3umU5hZc28V3kO4stgYryrTlLpuvgI9GiijltAjNbcqA==",
      "license": "MIT",
      "dependencies": {
        "ms": "^2.1.3"
      },
      "engines": {
        "node": ">=6.0"
      },
      "peerDependenciesMeta": {
        "supports-color": {
          "optional": true
        }
      }
    },
    "node_modules/dotenv": {
      "version": "16.6.1",
      "resolved": "https://registry.npmjs.org/dotenv/-/dotenv-16.6.1.tgz",
      "integrity": "sha512-uBq4egWHTcTt33a72vpSG0z3HnPuIl6NqYcTrKEg2azoEyl2hpW0zqlxysq2pK9HlDIHyHyakeYaYnSAwd8bow==",
      "license": "BSD-2-Clause",
      "engines": {
        "node": ">=12"
      },
      "funding": {
        "url": "https://dotenvx.com"
      }
    },
    "node_modules/express": {
      "resolved": "../../node_modules/.pnpm/express@4.22.2/node_modules/express",
      "link": true
    },
    "node_modules/express-fileupload": {
      "resolved": "../../node_modules/.pnpm/express-fileupload@1.5.2/node_modules/express-fileupload",
      "link": true
    },
    "node_modules/express-rate-limit": {
      "version": "8.6.2",
      "resolved": "https://registry.npmjs.org/express-rate-limit/-/express-rate-limit-8.6.2.tgz",
      "integrity": "sha512-YH4ru+eOJxQABscKFfRCy9R7x9QFGdezclVMwwgFFndzS2Xnm0uo6B0ABZsLhcpeptGv2qvuJVWlQr9gQZoC3A==",
      "license": "MIT",
      "dependencies": {
        "debug": "^4.4.3",
        "ip-address": "^10.2.0"
      },
      "engines": {
        "node": ">= 16"
      },
      "funding": {
        "url": "https://github.com/sponsors/express-rate-limit"
      },
      "peerDependencies": {
        "express": ">= 4.11"
      }
    },
    "node_modules/form-data": {
      "resolved": "../../node_modules/.pnpm/form-data@4.0.6/node_modules/form-data",
      "link": true
    },
    "node_modules/generate-function": {
      "version": "2.3.1",
      "resolved": "https://registry.npmjs.org/generate-function/-/generate-function-2.3.1.tgz",
      "integrity": "sha512-eeB5GfMNeevm/GRYq20ShmsaGcmI81kIX2K9XQx5miC8KdHaC6Jm0qQ8ZNeGOi7wYB8OsdxKs+Y2oVuTFuVwKQ==",
      "license": "MIT",
      "dependencies": {
        "is-property": "^1.0.2"
      }
    },
    "node_modules/iconv-lite": {
      "version": "0.7.3",
      "resolved": "https://registry.npmjs.org/iconv-lite/-/iconv-lite-0.7.3.tgz",
      "integrity": "sha512-IKXpvIzjnC9XTAUbVBcMfGS0EPaIXtW6v+zr+RRp+hqULEpo0owZax6wyRwPOJbWbzjYspQwusTsfVr0ifh4uQ==",
      "license": "MIT",
      "dependencies": {
        "safer-buffer": ">= 2.1.2 < 3.0.0"
      },
      "engines": {
        "node": ">=0.10.0"
      },
      "funding": {
        "type": "opencollective",
        "url": "https://opencollective.com/express"
      }
    },
    "node_modules/ip-address": {
      "version": "10.5.0",
      "resolved": "https://registry.npmjs.org/ip-address/-/ip-address-10.5.0.tgz",
      "integrity": "sha512-R5SnVLJmgYYvf2F2ZgwSBnelz5G4q5AxIC277GDfUaNbrZKNANcBC7RHqYYePlszf4kBolVkJauG0ZjHHFh55g==",
      "license": "MIT",
      "engines": {
        "node": ">= 12"
      }
    },
    "node_modules/is-property": {
      "version": "1.0.2",
      "resolved": "https://registry.npmjs.org/is-property/-/is-property-1.0.2.tgz",
      "integrity": "sha512-Ks/IoX00TtClbGQr4TWXemAnktAQvYB7HzcCxDGqEZU6oCmb2INHuOoKxbtR+HFkmYWBKv/dOZtGRiAjDhj92g==",
      "license": "MIT"
    },
    "node_modules/long": {
      "version": "5.3.2",
      "resolved": "https://registry.npmjs.org/long/-/long-5.3.2.tgz",
      "integrity": "sha512-mNAgZ1GmyNhD7AuqnTG3/VQ26o760+ZYBPKjPvugO8+nLbYfX6TVpJPseBvopbdY+qpZ/lKUnmEc1LeZYS3QAA==",
      "license": "Apache-2.0"
    },
    "node_modules/lru.min": {
      "version": "1.1.4",
      "resolved": "https://registry.npmjs.org/lru.min/-/lru.min-1.1.4.tgz",
      "integrity": "sha512-DqC6n3QQ77zdFpCMASA1a3Jlb64Hv2N2DciFGkO/4L9+q/IpIAuRlKOvCXabtRW6cQf8usbmM6BE/TOPysCdIA==",
      "license": "MIT",
      "engines": {
        "bun": ">=1.0.0",
        "deno": ">=1.30.0",
        "node": ">=8.0.0"
      },
      "funding": {
        "type": "github",
        "url": "https://github.com/sponsors/wellwelwel"
      }
    },
    "node_modules/morgan": {
      "resolved": "../../node_modules/.pnpm/morgan@1.11.0/node_modules/morgan",
      "link": true
    },
    "node_modules/ms": {
      "version": "2.1.3",
      "resolved": "https://registry.npmjs.org/ms/-/ms-2.1.3.tgz",
      "integrity": "sha512-6FlzubTLZG3J2a/NVCAleEhjzq5oxgHyaCU9yYXvcLsvoVaHJq/s5xXI6/XXP6tz7R9xAOtHnSO/tXtF3WRTlA==",
      "license": "MIT"
    },
    "node_modules/mysql": {
      "resolved": "../../node_modules/.pnpm/mysql@2.18.1/node_modules/mysql",
      "link": true
    },
    "node_modules/mysql2": {
      "version": "3.23.3",
      "resolved": "https://registry.npmjs.org/mysql2/-/mysql2-3.23.3.tgz",
      "integrity": "sha512-ehp9HEKr4wVJaBOUVxNFa+CNrsCCCZ6363/jbGhb7WpEmSRNIXjHBjFs5K2s2cXn7j/RhDieejsQJ6nfUwD6vQ==",
      "license": "MIT",
      "dependencies": {
        "aws-ssl-profiles": "^1.1.2",
        "generate-function": "^2.3.1",
        "iconv-lite": "^0.7.3",
        "long": "^5.3.2",
        "lru.min": "^1.1.4",
        "named-placeholders": "^1.1.6",
        "sql-escaper": "^1.5.1"
      },
      "engines": {
        "node": ">= 8.0"
      },
      "peerDependencies": {
        "@types/node": ">= 8"
      }
    },
    "node_modules/named-placeholders": {
      "version": "1.1.6",
      "resolved": "https://registry.npmjs.org/named-placeholders/-/named-placeholders-1.1.6.tgz",
      "integrity": "sha512-Tz09sEL2EEuv5fFowm419c1+a/jSMiBjI9gHxVLrVdbUkkNUUfjsVYs9pVZu5oCon/kmRh9TfLEObFtkVxmY0w==",
      "license": "MIT",
      "dependencies": {
        "lru.min": "^1.1.0"
      },
      "engines": {
        "node": ">=8.0.0"
      }
    },
    "node_modules/nanoid": {
      "resolved": "../../node_modules/.pnpm/nanoid@5.1.16/node_modules/nanoid",
      "link": true
    },
    "node_modules/node-fetch": {
      "resolved": "../../node_modules/.pnpm/node-fetch@3.3.2/node_modules/node-fetch",
      "link": true
    },
    "node_modules/nodemailer": {
      "resolved": "../../node_modules/.pnpm/nodemailer@9.0.5/node_modules/nodemailer",
      "link": true
    },
    "node_modules/prisma": {
      "resolved": "../../node_modules/.pnpm/prisma@6.16.3_typescript@5.9.3/node_modules/prisma",
      "link": true
    },
    "node_modules/safer-buffer": {
      "version": "2.1.2",
      "resolved": "https://registry.npmjs.org/safer-buffer/-/safer-buffer-2.1.2.tgz",
      "integrity": "sha512-YZo3K82SD7Riyi0E1EQPojLz7kpepnSQI9IyPbHHg1XXXevb5dJI7tpyN2ADxGcQbHG7vcyRHk0cbwqcQriUtg==",
      "license": "MIT"
    },
    "node_modules/sql-escaper": {
      "version": "1.5.1",
      "resolved": "https://registry.npmjs.org/sql-escaper/-/sql-escaper-1.5.1.tgz",
      "integrity": "sha512-4toX5E1fQbBrpfXidaHnF0669nkAdETeIPTs2SUjxxD7RRIs9ICG4gtpmfc68JCEKehsdwLFqBu9VlQqZ1P1gg==",
      "license": "MIT",
      "engines": {
        "bun": ">=1.0.0",
        "deno": ">=2.0.0",
        "node": ">=12.0.0"
      },
      "funding": {
        "type": "github",
        "url": "https://github.com/mysqljs/sql-escaper?sponsor=1"
      }
    },
    "node_modules/undici-types": {
      "version": "8.3.0",
      "resolved": "https://registry.npmjs.org/undici-types/-/undici-types-8.3.0.tgz",
      "integrity": "sha512-j375ScV60dom+YkPFIfTLcOiPxkN/buHz5GobjLhixFuANaNs3C9l4GmrWqejgXWJ7BbJcFYpTEUkS1Ge8bpZQ==",
      "license": "MIT"
    },
    "node_modules/winston": {
      "resolved": "../../node_modules/.pnpm/winston@3.19.0/node_modules/winston",
      "link": true
    }
  }
}
